{
  "name": "dashboard-to-orders-demo",
  "version": "0.1.0",
  "lockfileVersion": 3,
  "requires": true,
  "packages": {
    "": {
      "name": "dashboard-to-orders-demo",
      "version": "0.1.0",
      "dependencies": {
        "papaparse": "^5.5.3",
        "sql.js": "^1.14.1"
      }
    },
    "node_modules/papaparse": {
      "version": "5.5.3",
      "resolved": "https://registry.npmjs.org/papaparse/-/papaparse-5.5.3.tgz",
      "integrity": "sha512-5QvjGxYVjxO59MGU2lHVYpRWBBtKHnlIAcSe1uNFCkkptUh63NFRj0FJQm7nR67puEruUci/ZkjmEFrjCAyP4A==",
      "license": "MIT"
    },
    "node_modules/sql.js": {
      "version": "1.14.1",
      "resolved": "https://registry.npmjs.org/sql.js/-/sql.js-1.14.1.tgz",
      "integrity": "sha512-gcj8zBWU5cFsi9WUP+4bFNXAyF1iRpA3LLyS/DP5xlrNzGmPIizUeBggKa8DbDwdqaKwUcTEnChtd2grWo/x/A==",
      "license": "MIT"
    }
  }
}
